// !$*UTF8*$!
{
	archiveVersion = 1;
	classes = {
	};
	objectVersion = 51;
	objects = {

/* Begin PBXBuildFile section */
		0014162BE52CF85703358916 /* Pods_BreakingBadCharacters_BreakingBadCharactersUITests.framework in Frameworks */ = {isa = PBXBuildFile; fileRef = B822D95BC85E4E68FAD3CC55 /* Pods_BreakingBadCharacters_BreakingBadCharactersUITests.framework */; };
		1E961759976C1E64A520FE3A /* Pods_BreakingBadCharactersTests.framework in Frameworks */ = {isa = PBXBuildFile; fileRef = 08A2B90E19D3082572F62C7F /* Pods_BreakingBadCharactersTests.framework */; };
		DD1A2D4052420BB3209BDD56 /* Pods_BreakingBadCharacters.framework in Frameworks */ = {isa = PBXBuildFile; fileRef = BB3F815D51F3CE1D79794532 /* Pods_BreakingBadCharacters.framework */; };
		F0A629F625489BC30071BFC2 /* AppDelegate.swift in Sources */ = {isa = PBXBuildFile; fileRef = F0A629F525489BC30071BFC2 /* AppDelegate.swift */; };
		F0A629F825489BC30071BFC2 /* SceneDelegate.swift in Sources */ = {isa = PBXBuildFile; fileRef = F0A629F725489BC30071BFC2 /* SceneDelegate.swift */; };
		F0A629FD25489BC30071BFC2 /* Main.storyboard in Resources */ = {isa = PBXBuildFile; fileRef = F0A629FB25489BC30071BFC2 /* Main.storyboard */; };
		F0A629FF25489BCD0071BFC2 /* Assets.xcassets in Resources */ = {isa = PBXBuildFile; fileRef = F0A629FE25489BCD0071BFC2 /* Assets.xcassets */; };
		F0A62A0225489BCD0071BFC2 /* LaunchScreen.storyboard in Resources */ = {isa = PBXBuildFile; fileRef = F0A62A0025489BCD0071BFC2 /* LaunchScreen.storyboard */; };
		F0A62A1825489BD00071BFC2 /* BreakingBadCharactersUITests.swift in Sources */ = {isa = PBXBuildFile; fileRef = F0A62A1725489BD00071BFC2 /* BreakingBadCharactersUITests.swift */; };
		F0A62A442548A0E30071BFC2 /* CharacterTests.swift in Sources */ = {isa = PBXBuildFile; fileRef = F0A62A432548A0E30071BFC2 /* CharacterTests.swift */; };
		F0A62A5C2548A2C10071BFC2 /* CharacterModel.swift in Sources */ = {isa = PBXBuildFile; fileRef = F0A62A5B2548A2C10071BFC2 /* CharacterModel.swift */; };
		F0A62A662548B2B00071BFC2 /* CharacterValid.json in Resources */ = {isa = PBXBuildFile; fileRef = F0A62A652548B2B00071BFC2 /* CharacterValid.json */; };
		F0A62A762548B4BE0071BFC2 /* Bundle+LoadJson.swift in Sources */ = {isa = PBXBuildFile; fileRef = F0A62A752548B4BE0071BFC2 /* Bundle+LoadJson.swift */; };
		F0EBA66C2549DDA300B0194F /* NetworkClientTests.swift in Sources */ = {isa = PBXBuildFile; fileRef = F0EBA66B2549DDA300B0194F /* NetworkClientTests.swift */; };
		F0EBA6722549DEFC00B0194F /* NetworkClient.swift in Sources */ = {isa = PBXBuildFile; fileRef = F0EBA6712549DEFC00B0194F /* NetworkClient.swift */; };
		F0EBA67D254A1D6200B0194F /* URLSession+Result.swift in Sources */ = {isa = PBXBuildFile; fileRef = F0EBA67C254A1D6200B0194F /* URLSession+Result.swift */; };
		F0EBA682254A1F0F00B0194F /* CharactersValid.json in Resources */ = {isa = PBXBuildFile; fileRef = F0EBA681254A1F0F00B0194F /* CharactersValid.json */; };
		F0EBA687254A3DA500B0194F /* Data+JSONFile.swift in Sources */ = {isa = PBXBuildFile; fileRef = F0EBA686254A3DA500B0194F /* Data+JSONFile.swift */; };
		F0EBA68C254A463D00B0194F /* Result+Decoded.swift in Sources */ = {isa = PBXBuildFile; fileRef = F0EBA68B254A463D00B0194F /* Result+Decoded.swift */; };
		F0EBA691254A46C600B0194F /* CharacterExpectedResults.swift in Sources */ = {isa = PBXBuildFile; fileRef = F0EBA690254A46C600B0194F /* CharacterExpectedResults.swift */; };
		F0EBA696254A491600B0194F /* CharactersInvalid.json in Resources */ = {isa = PBXBuildFile; fileRef = F0EBA695254A491600B0194F /* CharactersInvalid.json */; };
		F0F52132254A52E4002C13A1 /* MainViewModelTests.swift in Sources */ = {isa = PBXBuildFile; fileRef = F0F52131254A52E4002C13A1 /* MainViewModelTests.swift */; };
		F0F5213E254A530E002C13A1 /* MainViewModel.swift in Sources */ = {isa = PBXBuildFile; fileRef = F0F5213D254A530E002C13A1 /* MainViewModel.swift */; };
		F0F52147254ACADB002C13A1 /* MainViewController.swift in Sources */ = {isa = PBXBuildFile; fileRef = F0F52146254ACADB002C13A1 /* MainViewController.swift */; };
		F0F5214D254ADFEA002C13A1 /* ObjectFactoryTests.swift in Sources */ = {isa = PBXBuildFile; fileRef = F0F5214C254ADFEA002C13A1 /* ObjectFactoryTests.swift */; };
		F0F52156254AE0AD002C13A1 /* ObjectFactory.swift in Sources */ = {isa = PBXBuildFile; fileRef = F0F52155254AE0AD002C13A1 /* ObjectFactory.swift */; };
		F0F5215F254AE65F002C13A1 /* MockMainViewController.swift in Sources */ = {isa = PBXBuildFile; fileRef = F0F5215E254AE65F002C13A1 /* MockMainViewController.swift */; };
		F0F52168254AEEF3002C13A1 /* MainTableViewCell.swift in Sources */ = {isa = PBXBuildFile; fileRef = F0F52167254AEEF2002C13A1 /* MainTableViewCell.swift */; };
		F0F5219A254B0F38002C13A1 /* MainCellViewModelTests.swift in Sources */ = {isa = PBXBuildFile; fileRef = F0F52199254B0F38002C13A1 /* MainCellViewModelTests.swift */; };
		F0F5219F254B10B5002C13A1 /* MainCellViewModel.swift in Sources */ = {isa = PBXBuildFile; fileRef = F0F5219E254B10B5002C13A1 /* MainCellViewModel.swift */; };
		F0F521A4254B16E7002C13A1 /* DetailViewModelTests.swift in Sources */ = {isa = PBXBuildFile; fileRef = F0F521A3254B16E7002C13A1 /* DetailViewModelTests.swift */; };
		F0F521A9254B193E002C13A1 /* DetailViewModel.swift in Sources */ = {isa = PBXBuildFile; fileRef = F0F521A8254B193E002C13A1 /* DetailViewModel.swift */; };
		F0F521AE254B5647002C13A1 /* CharacterValidNoAppearance.json in Resources */ = {isa = PBXBuildFile; fileRef = F0F521AD254B5646002C13A1 /* CharacterValidNoAppearance.json */; };
		F0F521B3254B5B06002C13A1 /* DetailViewController.swift in Sources */ = {isa = PBXBuildFile; fileRef = F0F521B2254B5B06002C13A1 /* DetailViewController.swift */; };
/* End PBXBuildFile section */

/* Begin PBXContainerItemProxy section */
		F0A62A0925489BD00071BFC2 /* PBXContainerItemProxy */ = {
			isa = PBXContainerItemProxy;
			containerPortal = F0A629EA25489BC30071BFC2 /* Project object */;
			proxyType = 1;
			remoteGlobalIDString = F0A629F125489BC30071BFC2;
			remoteInfo = BreakingBadCharacters;
		};
		F0A62A1425489BD00071BFC2 /* PBXContainerItemProxy */ = {
			isa = PBXContainerItemProxy;
			containerPortal = F0A629EA25489BC30071BFC2 /* Project object */;
			proxyType = 1;
			remoteGlobalIDString = F0A629F125489BC30071BFC2;
			remoteInfo = BreakingBadCharacters;
		};
/* End PBXContainerItemProxy section */

/* Begin PBXFileReference section */
		08A2B90E19D3082572F62C7F /* Pods_BreakingBadCharactersTests.framework */ = {isa = PBXFileReference; explicitFileType = wrapper.framework; includeInIndex = 0; path = Pods_BreakingBadCharactersTests.framework; sourceTree = BUILT_PRODUCTS_DIR; };
		998DD1CB285017393E8A0175 /* Pods-BreakingBadCharactersTests.debug.xcconfig */ = {isa = PBXFileReference; includeInIndex = 1; lastKnownFileType = text.xcconfig; name = "Pods-BreakingBadCharactersTests.debug.xcconfig"; path = "Target Support Files/Pods-BreakingBadCharactersTests/Pods-BreakingBadCharactersTests.debug.xcconfig"; sourceTree = "<group>"; };
		A8B3564664EC044F74B5C03C /* Pods-BreakingBadCharacters-BreakingBadCharactersUITests.debug.xcconfig */ = {isa = PBXFileReference; includeInIndex = 1; lastKnownFileType = text.xcconfig; name = "Pods-BreakingBadCharacters-BreakingBadCharactersUITests.debug.xcconfig"; path = "Target Support Files/Pods-BreakingBadCharacters-BreakingBadCharactersUITests/Pods-BreakingBadCharacters-BreakingBadCharactersUITests.debug.xcconfig"; sourceTree = "<group>"; };
		A9D481EFD90D13BC2D185676 /* Pods-BreakingBadCharactersTests.release.xcconfig */ = {isa = PBXFileReference; includeInIndex = 1; lastKnownFileType = text.xcconfig; name = "Pods-BreakingBadCharactersTests.release.xcconfig"; path = "Target Support Files/Pods-BreakingBadCharactersTests/Pods-BreakingBadCharactersTests.release.xcconfig"; sourceTree = "<group>"; };
		B822D95BC85E4E68FAD3CC55 /* Pods_BreakingBadCharacters_BreakingBadCharactersUITests.framework */ = {isa = PBXFileReference; explicitFileType = wrapper.framework; includeInIndex = 0; path = Pods_BreakingBadCharacters_BreakingBadCharactersUITests.framework; sourceTree = BUILT_PRODUCTS_DIR; };
		B98ECCE470D36647FF77B223 /* Pods-BreakingBadCharacters.debug.xcconfig */ = {isa = PBXFileReference; includeInIndex = 1; lastKnownFileType = text.xcconfig; name = "Pods-BreakingBadCharacters.debug.xcconfig"; path = "Target Support Files/Pods-BreakingBadCharacters/Pods-BreakingBadCharacters.debug.xcconfig"; sourceTree = "<group>"; };
		BB3F815D51F3CE1D79794532 /* Pods_BreakingBadCharacters.framework */ = {isa = PBXFileReference; explicitFileType = wrapper.framework; includeInIndex = 0; path = Pods_BreakingBadCharacters.framework; sourceTree = BUILT_PRODUCTS_DIR; };
		BEE83A5CE27A6787F92A732E /* Pods-BreakingBadCharacters-BreakingBadCharactersUITests.release.xcconfig */ = {isa = PBXFileReference; includeInIndex = 1; lastKnownFileType = text.xcconfig; name = "Pods-BreakingBadCharacters-BreakingBadCharactersUITests.release.xcconfig"; path = "Target Support Files/Pods-BreakingBadCharacters-BreakingBadCharactersUITests/Pods-BreakingBadCharacters-BreakingBadCharactersUITests.release.xcconfig"; sourceTree = "<group>"; };
		CEBC4952B181EBAD8ACED5FC /* Pods-BreakingBadCharacters.release.xcconfig */ = {isa = PBXFileReference; includeInIndex = 1; lastKnownFileType = text.xcconfig; name = "Pods-BreakingBadCharacters.release.xcconfig"; path = "Target Support Files/Pods-BreakingBadCharacters/Pods-BreakingBadCharacters.release.xcconfig"; sourceTree = "<group>"; };
		F0A629F225489BC30071BFC2 /* BreakingBadCharacters.app */ = {isa = PBXFileReference; explicitFileType = wrapper.application; includeInIndex = 0; path = BreakingBadCharacters.app; sourceTree = BUILT_PRODUCTS_DIR; };
		F0A629F525489BC30071BFC2 /* AppDelegate.swift */ = {isa = PBXFileReference; lastKnownFileType = sourcecode.swift; path = AppDelegate.swift; sourceTree = "<group>"; };
		F0A629F725489BC30071BFC2 /* SceneDelegate.swift */ = {isa = PBXFileReference; lastKnownFileType = sourcecode.swift; path = SceneDelegate.swift; sourceTree = "<group>"; };
		F0A629FC25489BC30071BFC2 /* Base */ = {isa = PBXFileReference; lastKnownFileType = file.storyboard; name = Base; path = Base.lproj/Main.storyboard; sourceTree = "<group>"; };
		F0A629FE25489BCD0071BFC2 /* Assets.xcassets */ = {isa = PBXFileReference; lastKnownFileType = folder.assetcatalog; path = Assets.xcassets; sourceTree = "<group>"; };
		F0A62A0125489BCD0071BFC2 /* Base */ = {isa = PBXFileReference; lastKnownFileType = file.storyboard; name = Base; path = Base.lproj/LaunchScreen.storyboard; sourceTree = "<group>"; };
		F0A62A0325489BCD0071BFC2 /* Info.plist */ = {isa = PBXFileReference; lastKnownFileType = text.plist.xml; path = Info.plist; sourceTree = "<group>"; };
		F0A62A0825489BD00071BFC2 /* BreakingBadCharactersTests.xctest */ = {isa = PBXFileReference; explicitFileType = wrapper.cfbundle; includeInIndex = 0; path = BreakingBadCharactersTests.xctest; sourceTree = BUILT_PRODUCTS_DIR; };
		F0A62A0E25489BD00071BFC2 /* Info.plist */ = {isa = PBXFileReference; lastKnownFileType = text.plist.xml; path = Info.plist; sourceTree = "<group>"; };
		F0A62A1325489BD00071BFC2 /* BreakingBadCharactersUITests.xctest */ = {isa = PBXFileReference; explicitFileType = wrapper.cfbundle; includeInIndex = 0; path = BreakingBadCharactersUITests.xctest; sourceTree = BUILT_PRODUCTS_DIR; };
		F0A62A1725489BD00071BFC2 /* BreakingBadCharactersUITests.swift */ = {isa = PBXFileReference; lastKnownFileType = sourcecode.swift; path = BreakingBadCharactersUITests.swift; sourceTree = "<group>"; };
		F0A62A1925489BD00071BFC2 /* Info.plist */ = {isa = PBXFileReference; lastKnownFileType = text.plist.xml; path = Info.plist; sourceTree = "<group>"; };
		F0A62A432548A0E30071BFC2 /* CharacterTests.swift */ = {isa = PBXFileReference; lastKnownFileType = sourcecode.swift; path = CharacterTests.swift; sourceTree = "<group>"; };
		F0A62A5B2548A2C10071BFC2 /* CharacterModel.swift */ = {isa = PBXFileReference; lastKnownFileType = sourcecode.swift; path = CharacterModel.swift; sourceTree = "<group>"; };
		F0A62A652548B2B00071BFC2 /* CharacterValid.json */ = {isa = PBXFileReference; lastKnownFileType = text.json; path = CharacterValid.json; sourceTree = "<group>"; };
		F0A62A752548B4BE0071BFC2 /* Bundle+LoadJson.swift */ = {isa = PBXFileReference; lastKnownFileType = sourcecode.swift; path = "Bundle+LoadJson.swift"; sourceTree = "<group>"; };
		F0EBA66B2549DDA300B0194F /* NetworkClientTests.swift */ = {isa = PBXFileReference; lastKnownFileType = sourcecode.swift; path = NetworkClientTests.swift; sourceTree = "<group>"; };
		F0EBA6712549DEFC00B0194F /* NetworkClient.swift */ = {isa = PBXFileReference; lastKnownFileType = sourcecode.swift; path = NetworkClient.swift; sourceTree = "<group>"; };
		F0EBA67C254A1D6200B0194F /* URLSession+Result.swift */ = {isa = PBXFileReference; lastKnownFileType = sourcecode.swift; path = "URLSession+Result.swift"; sourceTree = "<group>"; };
		F0EBA681254A1F0F00B0194F /* CharactersValid.json */ = {isa = PBXFileReference; lastKnownFileType = text.json; path = CharactersValid.json; sourceTree = "<group>"; };
		F0EBA686254A3DA500B0194F /* Data+JSONFile.swift */ = {isa = PBXFileReference; lastKnownFileType = sourcecode.swift; path = "Data+JSONFile.swift"; sourceTree = "<group>"; };
		F0EBA68B254A463D00B0194F /* Result+Decoded.swift */ = {isa = PBXFileReference; lastKnownFileType = sourcecode.swift; path = "Result+Decoded.swift"; sourceTree = "<group>"; };
		F0EBA690254A46C600B0194F /* CharacterExpectedResults.swift */ = {isa = PBXFileReference; lastKnownFileType = sourcecode.swift; path = CharacterExpectedResults.swift; sourceTree = "<group>"; };
		F0EBA695254A491600B0194F /* CharactersInvalid.json */ = {isa = PBXFileReference; lastKnownFileType = text.json; path = CharactersInvalid.json; sourceTree = "<group>"; };
		F0F52131254A52E4002C13A1 /* MainViewModelTests.swift */ = {isa = PBXFileReference; lastKnownFileType = sourcecode.swift; path = MainViewModelTests.swift; sourceTree = "<group>"; };
		F0F5213D254A530E002C13A1 /* MainViewModel.swift */ = {isa = PBXFileReference; lastKnownFileType = sourcecode.swift; path = MainViewModel.swift; sourceTree = "<group>"; };
		F0F52146254ACADB002C13A1 /* MainViewController.swift */ = {isa = PBXFileReference; lastKnownFileType = sourcecode.swift; path = MainViewController.swift; sourceTree = "<group>"; };
		F0F5214C254ADFEA002C13A1 /* ObjectFactoryTests.swift */ = {isa = PBXFileReference; lastKnownFileType = sourcecode.swift; path = ObjectFactoryTests.swift; sourceTree = "<group>"; };
		F0F52155254AE0AD002C13A1 /* ObjectFactory.swift */ = {isa = PBXFileReference; lastKnownFileType = sourcecode.swift; path = ObjectFactory.swift; sourceTree = "<group>"; };
		F0F5215E254AE65F002C13A1 /* MockMainViewController.swift */ = {isa = PBXFileReference; lastKnownFileType = sourcecode.swift; path = MockMainViewController.swift; sourceTree = "<group>"; };
		F0F52167254AEEF2002C13A1 /* MainTableViewCell.swift */ = {isa = PBXFileReference; lastKnownFileType = sourcecode.swift; path = MainTableViewCell.swift; sourceTree = "<group>"; };
		F0F52199254B0F38002C13A1 /* MainCellViewModelTests.swift */ = {isa = PBXFileReference; lastKnownFileType = sourcecode.swift; path = MainCellViewModelTests.swift; sourceTree = "<group>"; };
		F0F5219E254B10B5002C13A1 /* MainCellViewModel.swift */ = {isa = PBXFileReference; lastKnownFileType = sourcecode.swift; path = MainCellViewModel.swift; sourceTree = "<group>"; };
		F0F521A3254B16E7002C13A1 /* DetailViewModelTests.swift */ = {isa = PBXFileReference; lastKnownFileType = sourcecode.swift; path = DetailViewModelTests.swift; sourceTree = "<group>"; };
		F0F521A8254B193E002C13A1 /* DetailViewModel.swift */ = {isa = PBXFileReference; lastKnownFileType = sourcecode.swift; path = DetailViewModel.swift; sourceTree = "<group>"; };
		F0F521AD254B5646002C13A1 /* CharacterValidNoAppearance.json */ = {isa = PBXFileReference; lastKnownFileType = text.json; path = CharacterValidNoAppearance.json; sourceTree = "<group>"; };
		F0F521B2254B5B06002C13A1 /* DetailViewController.swift */ = {isa = PBXFileReference; lastKnownFileType = sourcecode.swift; path = DetailViewController.swift; sourceTree = "<group>"; };
/* End PBXFileReference section */

/* Begin PBXFrameworksBuildPhase section */
		F0A629EF25489BC30071BFC2 /* Frameworks */ = {
			isa = PBXFrameworksBuildPhase;
			buildActionMask = 2147483647;
			files = (
				DD1A2D4052420BB3209BDD56 /* Pods_BreakingBadCharacters.framework in Frameworks */,
			);
			runOnlyForDeploymentPostprocessing = 0;
		};
		F0A62A0525489BD00071BFC2 /* Frameworks */ = {
			isa = PBXFrameworksBuildPhase;
			buildActionMask = 2147483647;
			files = (
				1E961759976C1E64A520FE3A /* Pods_BreakingBadCharactersTests.framework in Frameworks */,
			);
			runOnlyForDeploymentPostprocessing = 0;
		};
		F0A62A1025489BD00071BFC2 /* Frameworks */ = {
			isa = PBXFrameworksBuildPhase;
			buildActionMask = 2147483647;
			files = (
				0014162BE52CF85703358916 /* Pods_BreakingBadCharacters_BreakingBadCharactersUITests.framework in Frameworks */,
			);
			runOnlyForDeploymentPostprocessing = 0;
		};
/* End PBXFrameworksBuildPhase section */

/* Begin PBXGroup section */
		72F90DB62F33E0ECFD087165 /* Frameworks */ = {
			isa = PBXGroup;
			children = (
				BB3F815D51F3CE1D79794532 /* Pods_BreakingBadCharacters.framework */,
				B822D95BC85E4E68FAD3CC55 /* Pods_BreakingBadCharacters_BreakingBadCharactersUITests.framework */,
				08A2B90E19D3082572F62C7F /* Pods_BreakingBadCharactersTests.framework */,
			);
			name = Frameworks;
			sourceTree = "<group>";
		};
		882678CFDB4CC515E5DB2E41 /* Pods */ = {
			isa = PBXGroup;
			children = (
				B98ECCE470D36647FF77B223 /* Pods-BreakingBadCharacters.debug.xcconfig */,
				CEBC4952B181EBAD8ACED5FC /* Pods-BreakingBadCharacters.release.xcconfig */,
				A8B3564664EC044F74B5C03C /* Pods-BreakingBadCharacters-BreakingBadCharactersUITests.debug.xcconfig */,
				BEE83A5CE27A6787F92A732E /* Pods-BreakingBadCharacters-BreakingBadCharactersUITests.release.xcconfig */,
				998DD1CB285017393E8A0175 /* Pods-BreakingBadCharactersTests.debug.xcconfig */,
				A9D481EFD90D13BC2D185676 /* Pods-BreakingBadCharactersTests.release.xcconfig */,
			);
			path = Pods;
			sourceTree = "<group>";
		};
		F0A629E925489BC30071BFC2 = {
			isa = PBXGroup;
			children = (
				F0A629F425489BC30071BFC2 /* BreakingBadCharacters */,
				F0A62A0B25489BD00071BFC2 /* BreakingBadCharactersTests */,
				F0A62A1625489BD00071BFC2 /* BreakingBadCharactersUITests */,
				F0A629F325489BC30071BFC2 /* Products */,
				882678CFDB4CC515E5DB2E41 /* Pods */,
				72F90DB62F33E0ECFD087165 /* Frameworks */,
			);
			sourceTree = "<group>";
		};
		F0A629F325489BC30071BFC2 /* Products */ = {
			isa = PBXGroup;
			children = (
				F0A629F225489BC30071BFC2 /* BreakingBadCharacters.app */,
				F0A62A0825489BD00071BFC2 /* BreakingBadCharactersTests.xctest */,
				F0A62A1325489BD00071BFC2 /* BreakingBadCharactersUITests.xctest */,
			);
			name = Products;
			sourceTree = "<group>";
		};
		F0A629F425489BC30071BFC2 /* BreakingBadCharacters */ = {
			isa = PBXGroup;
			children = (
				F0F52166254AEEAB002C13A1 /* Table Cells */,
				F0F52154254AE096002C13A1 /* Object Factory */,
				F0F52142254ACA59002C13A1 /* View Controllers */,
				F0F52139254A52F1002C13A1 /* View Models */,
				F0EBA67B254A1D4000B0194F /* Extensions */,
				F0EBA6702549DEE300B0194F /* Networking */,
				F0A62A5A2548A29F0071BFC2 /* Models */,
				F0A629F525489BC30071BFC2 /* AppDelegate.swift */,
				F0A629F725489BC30071BFC2 /* SceneDelegate.swift */,
				F0A629FB25489BC30071BFC2 /* Main.storyboard */,
				F0A629FE25489BCD0071BFC2 /* Assets.xcassets */,
				F0A62A0025489BCD0071BFC2 /* LaunchScreen.storyboard */,
				F0A62A0325489BCD0071BFC2 /* Info.plist */,
			);
			path = BreakingBadCharacters;
			sourceTree = "<group>";
		};
		F0A62A0B25489BD00071BFC2 /* BreakingBadCharactersTests */ = {
			isa = PBXGroup;
			children = (
				F0F5215D254AE605002C13A1 /* Mocks */,
				F0F5214B254ADFB0002C13A1 /* ObjectFactory */,
				F0F52130254A52BA002C13A1 /* View Models */,
				F0EBA65F2549DD4800B0194F /* Networking */,
				F0EBA65E2549DD3700B0194F /* Models */,
				F0A62A642548B2520071BFC2 /* Fixtures */,
				F0A62A632548B2460071BFC2 /* Helpers */,
				F0A62A0E25489BD00071BFC2 /* Info.plist */,
			);
			path = BreakingBadCharactersTests;
			sourceTree = "<group>";
		};
		F0A62A1625489BD00071BFC2 /* BreakingBadCharactersUITests */ = {
			isa = PBXGroup;
			children = (
				F0A62A1725489BD00071BFC2 /* BreakingBadCharactersUITests.swift */,
				F0A62A1925489BD00071BFC2 /* Info.plist */,
			);
			path = BreakingBadCharactersUITests;
			sourceTree = "<group>";
		};
		F0A62A5A2548A29F0071BFC2 /* Models */ = {
			isa = PBXGroup;
			children = (
				F0A62A5B2548A2C10071BFC2 /* CharacterModel.swift */,
			);
			path = Models;
			sourceTree = "<group>";
		};
		F0A62A632548B2460071BFC2 /* Helpers */ = {
			isa = PBXGroup;
			children = (
				F0A62A752548B4BE0071BFC2 /* Bundle+LoadJson.swift */,
				F0EBA686254A3DA500B0194F /* Data+JSONFile.swift */,
				F0EBA690254A46C600B0194F /* CharacterExpectedResults.swift */,
			);
			path = Helpers;
			sourceTree = "<group>";
		};
		F0A62A642548B2520071BFC2 /* Fixtures */ = {
			isa = PBXGroup;
			children = (
				F0A62A652548B2B00071BFC2 /* CharacterValid.json */,
				F0EBA681254A1F0F00B0194F /* CharactersValid.json */,
				F0EBA695254A491600B0194F /* CharactersInvalid.json */,
				F0F521AD254B5646002C13A1 /* CharacterValidNoAppearance.json */,
			);
			path = Fixtures;
			sourceTree = "<group>";
		};
		F0EBA65E2549DD3700B0194F /* Models */ = {
			isa = PBXGroup;
			children = (
				F0A62A432548A0E30071BFC2 /* CharacterTests.swift */,
			);
			path = Models;
			sourceTree = "<group>";
		};
		F0EBA65F2549DD4800B0194F /* Networking */ = {
			isa = PBXGroup;
			children = (
				F0EBA66B2549DDA300B0194F /* NetworkClientTests.swift */,
			);
			path = Networking;
			sourceTree = "<group>";
		};
		F0EBA6702549DEE300B0194F /* Networking */ = {
			isa = PBXGroup;
			children = (
				F0EBA6712549DEFC00B0194F /* NetworkClient.swift */,
			);
			path = Networking;
			sourceTree = "<group>";
		};
		F0EBA67B254A1D4000B0194F /* Extensions */ = {
			isa = PBXGroup;
			children = (
				F0EBA67C254A1D6200B0194F /* URLSession+Result.swift */,
				F0EBA68B254A463D00B0194F /* Result+Decoded.swift */,
			);
			path = Extensions;
			sourceTree = "<group>";
		};
		F0F52130254A52BA002C13A1 /* View Models */ = {
			isa = PBXGroup;
			children = (
				F0F52131254A52E4002C13A1 /* MainViewModelTests.swift */,
				F0F52199254B0F38002C13A1 /* MainCellViewModelTests.swift */,
				F0F521A3254B16E7002C13A1 /* DetailViewModelTests.swift */,
			);
			path = "View Models";
			sourceTree = "<group>";
		};
		F0F52139254A52F1002C13A1 /* View Models */ = {
			isa = PBXGroup;
			children = (
				F0F5213D254A530E002C13A1 /* MainViewModel.swift */,
				F0F5219E254B10B5002C13A1 /* MainCellViewModel.swift */,
				F0F521A8254B193E002C13A1 /* DetailViewModel.swift */,
			);
			path = "View Models";
			sourceTree = "<group>";
		};
		F0F52142254ACA59002C13A1 /* View Controllers */ = {
			isa = PBXGroup;
			children = (
				F0F52146254ACADB002C13A1 /* MainViewController.swift */,
				F0F521B2254B5B06002C13A1 /* DetailViewController.swift */,
			);
			path = "View Controllers";
			sourceTree = "<group>";
		};
		F0F5214B254ADFB0002C13A1 /* ObjectFactory */ = {
			isa = PBXGroup;
			children = (
				F0F5214C254ADFEA002C13A1 /* ObjectFactoryTests.swift */,
			);
			path = ObjectFactory;
			sourceTree = "<group>";
		};
		F0F52154254AE096002C13A1 /* Object Factory */ = {
			isa = PBXGroup;
			children = (
				F0F52155254AE0AD002C13A1 /* ObjectFactory.swift */,
			);
			path = "Object Factory";
			sourceTree = "<group>";
		};
		F0F5215D254AE605002C13A1 /* Mocks */ = {
			isa = PBXGroup;
			children = (
				F0F5215E254AE65F002C13A1 /* MockMainViewController.swift */,
			);
			path = Mocks;
			sourceTree = "<group>";
		};
		F0F52166254AEEAB002C13A1 /* Table Cells */ = {
			isa = PBXGroup;
			children = (
				F0F52167254AEEF2002C13A1 /* MainTableViewCell.swift */,
			);
			path = "Table Cells";
			sourceTree = "<group>";
		};
/* End PBXGroup section */

/* Begin PBXNativeTarget section */
		F0A629F125489BC30071BFC2 /* BreakingBadCharacters */ = {
			isa = PBXNativeTarget;
			buildConfigurationList = F0A62A1C25489BD00071BFC2 /* Build configuration list for PBXNativeTarget "BreakingBadCharacters" */;
			buildPhases = (
				3F4EB6495082BAED483E2EB4 /* [CP] Check Pods Manifest.lock */,
				F0A629EE25489BC30071BFC2 /* Sources */,
				F0A629EF25489BC30071BFC2 /* Frameworks */,
				F0A629F025489BC30071BFC2 /* Resources */,
				A352FC1AE84532B2794E9551 /* [CP] Embed Pods Frameworks */,
			);
			buildRules = (
			);
			dependencies = (
			);
			name = BreakingBadCharacters;
			productName = BreakingBadCharacters;
			productReference = F0A629F225489BC30071BFC2 /* BreakingBadCharacters.app */;
			productType = "com.apple.product-type.application";
		};
		F0A62A0725489BD00071BFC2 /* BreakingBadCharactersTests */ = {
			isa = PBXNativeTarget;
			buildConfigurationList = F0A62A1F25489BD00071BFC2 /* Build configuration list for PBXNativeTarget "BreakingBadCharactersTests" */;
			buildPhases = (
				C7148EC11A8C7B9C74DF4FB8 /* [CP] Check Pods Manifest.lock */,
				F0A62A0425489BD00071BFC2 /* Sources */,
				F0A62A0525489BD00071BFC2 /* Frameworks */,
				F0A62A0625489BD00071BFC2 /* Resources */,
			);
			buildRules = (
			);
			dependencies = (
				F0A62A0A25489BD00071BFC2 /* PBXTargetDependency */,
			);
			name = BreakingBadCharactersTests;
			productName = BreakingBadCharactersTests;
			productReference = F0A62A0825489BD00071BFC2 /* BreakingBadCharactersTests.xctest */;
			productType = "com.apple.product-type.bundle.unit-test";
		};
		F0A62A1225489BD00071BFC2 /* BreakingBadCharactersUITests */ = {
			isa = PBXNativeTarget;
			buildConfigurationList = F0A62A2225489BD00071BFC2 /* Build configuration list for PBXNativeTarget "BreakingBadCharactersUITests" */;
			buildPhases = (
				B12C01CFFD4D3AFB25ABC339 /* [CP] Check Pods Manifest.lock */,
				F0A62A0F25489BD00071BFC2 /* Sources */,
				F0A62A1025489BD00071BFC2 /* Frameworks */,
				F0A62A1125489BD00071BFC2 /* Resources */,
				CE53783C482F3B18F0C6AA40 /* [CP] Embed Pods Frameworks */,
			);
			buildRules = (
			);
			dependencies = (
				F0A62A1525489BD00071BFC2 /* PBXTargetDependency */,
			);
			name = BreakingBadCharactersUITests;
			productName = BreakingBadCharactersUITests;
			productReference = F0A62A1325489BD00071BFC2 /* BreakingBadCharactersUITests.xctest */;
			productType = "com.apple.product-type.bundle.ui-testing";
		};
/* End PBXNativeTarget section */

/* Begin PBXProject section */
		F0A629EA25489BC30071BFC2 /* Project object */ = {
			isa = PBXProject;
			attributes = {
				LastSwiftUpdateCheck = 1210;
				LastUpgradeCheck = 1210;
				TargetAttributes = {
					F0A629F125489BC30071BFC2 = {
						CreatedOnToolsVersion = 12.1;
					};
					F0A62A0725489BD00071BFC2 = {
						CreatedOnToolsVersion = 12.1;
						LastSwiftMigration = 1210;
						TestTargetID = F0A629F125489BC30071BFC2;
					};
					F0A62A1225489BD00071BFC2 = {
						CreatedOnToolsVersion = 12.1;
						TestTargetID = F0A629F125489BC30071BFC2;
					};
				};
			};
			buildConfigurationList = F0A629ED25489BC30071BFC2 /* Build configuration list for PBXProject "BreakingBadCharacters" */;
			compatibilityVersion = "Xcode 9.3";
			developmentRegion = en;
			hasScannedForEncodings = 0;
			knownRegions = (
				en,
				Base,
			);
			mainGroup = F0A629E925489BC30071BFC2;
			productRefGroup = F0A629F325489BC30071BFC2 /* Products */;
			projectDirPath = "";
			projectRoot = "";
			targets = (
				F0A629F125489BC30071BFC2 /* BreakingBadCharacters */,
				F0A62A0725489BD00071BFC2 /* BreakingBadCharactersTests */,
				F0A62A1225489BD00071BFC2 /* BreakingBadCharactersUITests */,
			);
		};
/* End PBXProject section */

/* Begin PBXResourcesBuildPhase section */
		F0A629F025489BC30071BFC2 /* Resources */ = {
			isa = PBXResourcesBuildPhase;
			buildActionMask = 2147483647;
			files = (
				F0A62A0225489BCD0071BFC2 /* LaunchScreen.storyboard in Resources */,
				F0A629FF25489BCD0071BFC2 /* Assets.xcassets in Resources */,
				F0A629FD25489BC30071BFC2 /* Main.storyboard in Resources */,
			);
			runOnlyForDeploymentPostprocessing = 0;
		};
		F0A62A0625489BD00071BFC2 /* Resources */ = {
			isa = PBXResourcesBuildPhase;
			buildActionMask = 2147483647;
			files = (
				F0EBA696254A491600B0194F /* CharactersInvalid.json in Resources */,
				F0F521AE254B5647002C13A1 /* CharacterValidNoAppearance.json in Resources */,
				F0EBA682254A1F0F00B0194F /* CharactersValid.json in Resources */,
				F0A62A662548B2B00071BFC2 /* CharacterValid.json in Resources */,
			);
			runOnlyForDeploymentPostprocessing = 0;
		};
		F0A62A1125489BD00071BFC2 /* Resources */ = {
			isa = PBXResourcesBuildPhase;
			buildActionMask = 2147483647;
			files = (
			);
			runOnlyForDeploymentPostprocessing = 0;
		};
/* End PBXResourcesBuildPhase section */

/* Begin PBXShellScriptBuildPhase section */
		3F4EB6495082BAED483E2EB4 /* [CP] Check Pods Manifest.lock */ = {
			isa = PBXShellScriptBuildPhase;
			buildActionMask = 2147483647;
			files = (
			);
			inputFileListPaths = (
			);
			inputPaths = (
				"${PODS_PODFILE_DIR_PATH}/Podfile.lock",
				"${PODS_ROOT}/Manifest.lock",
			);
			name = "[CP] Check Pods Manifest.lock";
			outputFileListPaths = (
			);
			outputPaths = (
				"$(DERIVED_FILE_DIR)/Pods-BreakingBadCharacters-checkManifestLockResult.txt",
			);
			runOnlyForDeploymentPostprocessing = 0;
			shellPath = /bin/sh;
			shellScript = "diff \"${PODS_PODFILE_DIR_PATH}/Podfile.lock\" \"${PODS_ROOT}/Manifest.lock\" > /dev/null\nif [ $? != 0 ] ; then\n    # print error to STDERR\n    echo \"error: The sandbox is not in sync with the Podfile.lock. Run 'pod install' or update your CocoaPods installation.\" >&2\n    exit 1\nfi\n# This output is used by Xcode 'outputs' to avoid re-running this script phase.\necho \"SUCCESS\" > \"${SCRIPT_OUTPUT_FILE_0}\"\n";
			showEnvVarsInLog = 0;
		};
		A352FC1AE84532B2794E9551 /* [CP] Embed Pods Frameworks */ = {
			isa = PBXShellScriptBuildPhase;
			buildActionMask = 2147483647;
			files = (
			);
			inputFileListPaths = (
				"${PODS_ROOT}/Target Support Files/Pods-BreakingBadCharacters/Pods-BreakingBadCharacters-frameworks-${CONFIGURATION}-input-files.xcfilelist",
			);
			name = "[CP] Embed Pods Frameworks";
			outputFileListPaths = (
				"${PODS_ROOT}/Target Support Files/Pods-BreakingBadCharacters/Pods-BreakingBadCharacters-frameworks-${CONFIGURATION}-output-files.xcfilelist",
			);
			runOnlyForDeploymentPostprocessing = 0;
			shellPath = /bin/sh;
			shellScript = "\"${PODS_ROOT}/Target Support Files/Pods-BreakingBadCharacters/Pods-BreakingBadCharacters-frameworks.sh\"\n";
			showEnvVarsInLog = 0;
		};
		B12C01CFFD4D3AFB25ABC339 /* [CP] Check Pods Manifest.lock */ = {
			isa = PBXShellScriptBuildPhase;
			buildActionMask = 2147483647;
			files = (
			);
			inputFileListPaths = (
			);
			inputPaths = (
				"${PODS_PODFILE_DIR_PATH}/Podfile.lock",
				"${PODS_ROOT}/Manifest.lock",
			);
			name = "[CP] Check Pods Manifest.lock";
			outputFileListPaths = (
			);
			outputPaths = (
				"$(DERIVED_FILE_DIR)/Pods-BreakingBadCharacters-BreakingBadCharactersUITests-checkManifestLockResult.txt",
			);
			runOnlyForDeploymentPostprocessing = 0;
			shellPath = /bin/sh;
			shellScript = "diff \"${PODS_PODFILE_DIR_PATH}/Podfile.lock\" \"${PODS_ROOT}/Manifest.lock\" > /dev/null\nif [ $? != 0 ] ; then\n    # print error to STDERR\n    echo \"error: The sandbox is not in sync with the Podfile.lock. Run 'pod install' or update your CocoaPods installation.\" >&2\n    exit 1\nfi\n# This output is used by Xcode 'outputs' to avoid re-running this script phase.\necho \"SUCCESS\" > \"${SCRIPT_OUTPUT_FILE_0}\"\n";
			showEnvVarsInLog = 0;
		};
		C7148EC11A8C7B9C74DF4FB8 /* [CP] Check Pods Manifest.lock */ = {
			isa = PBXShellScriptBuildPhase;
			buildActionMask = 2147483647;
			files = (
			);
			inputFileListPaths = (
			);
			inputPaths = (
				"${PODS_PODFILE_DIR_PATH}/Podfile.lock",
				"${PODS_ROOT}/Manifest.lock",
			);
			name = "[CP] Check Pods Manifest.lock";
			outputFileListPaths = (
			);
			outputPaths = (
				"$(DERIVED_FILE_DIR)/Pods-BreakingBadCharactersTests-checkManifestLockResult.txt",
			);
			runOnlyForDeploymentPostprocessing = 0;
			shellPath = /bin/sh;
			shellScript = "diff \"${PODS_PODFILE_DIR_PATH}/Podfile.lock\" \"${PODS_ROOT}/Manifest.lock\" > /dev/null\nif [ $? != 0 ] ; then\n    # print error to STDERR\n    echo \"error: The sandbox is not in sync with the Podfile.lock. Run 'pod install' or update your CocoaPods installation.\" >&2\n    exit 1\nfi\n# This output is used by Xcode 'outputs' to avoid re-running this script phase.\necho \"SUCCESS\" > \"${SCRIPT_OUTPUT_FILE_0}\"\n";
			showEnvVarsInLog = 0;
		};
		CE53783C482F3B18F0C6AA40 /* [CP] Embed Pods Frameworks */ = {
			isa = PBXShellScriptBuildPhase;
			buildActionMask = 2147483647;
			files = (
			);
			inputFileListPaths = (
				"${PODS_ROOT}/Target Support Files/Pods-BreakingBadCharacters-BreakingBadCharactersUITests/Pods-BreakingBadCharacters-BreakingBadCharactersUITests-frameworks-${CONFIGURATION}-input-files.xcfilelist",
			);
			name = "[CP] Embed Pods Frameworks";
			outputFileListPaths = (
				"${PODS_ROOT}/Target Support Files/Pods-BreakingBadCharacters-BreakingBadCharactersUITests/Pods-BreakingBadCharacters-BreakingBadCharactersUITests-frameworks-${CONFIGURATION}-output-files.xcfilelist",
			);
			runOnlyForDeploymentPostprocessing = 0;
			shellPath = /bin/sh;
			shellScript = "\"${PODS_ROOT}/Target Support Files/Pods-BreakingBadCharacters-BreakingBadCharactersUITests/Pods-BreakingBadCharacters-BreakingBadCharactersUITests-frameworks.sh\"\n";
			showEnvVarsInLog = 0;
		};
/* End PBXShellScriptBuildPhase section */

/* Begin PBXSourcesBuildPhase section */
		F0A629EE25489BC30071BFC2 /* Sources */ = {
			isa = PBXSourcesBuildPhase;
			buildActionMask = 2147483647;
			files = (
				F0F521B3254B5B06002C13A1 /* DetailViewController.swift in Sources */,
				F0EBA67D254A1D6200B0194F /* URLSession+Result.swift in Sources */,
				F0EBA6722549DEFC00B0194F /* NetworkClient.swift in Sources */,
				F0A62A5C2548A2C10071BFC2 /* CharacterModel.swift in Sources */,
				F0F5219F254B10B5002C13A1 /* MainCellViewModel.swift in Sources */,
				F0A629F625489BC30071BFC2 /* AppDelegate.swift in Sources */,
				F0F52168254AEEF3002C13A1 /* MainTableViewCell.swift in Sources */,
				F0F52156254AE0AD002C13A1 /* ObjectFactory.swift in Sources */,
				F0F521A9254B193E002C13A1 /* DetailViewModel.swift in Sources */,
				F0EBA68C254A463D00B0194F /* Result+Decoded.swift in Sources */,
				F0A629F825489BC30071BFC2 /* SceneDelegate.swift in Sources */,
				F0F5213E254A530E002C13A1 /* MainViewModel.swift in Sources */,
				F0F52147254ACADB002C13A1 /* MainViewController.swift in Sources */,
			);
			runOnlyForDeploymentPostprocessing = 0;
		};
		F0A62A0425489BD00071BFC2 /* Sources */ = {
			isa = PBXSourcesBuildPhase;
			buildActionMask = 2147483647;
			files = (
				F0A62A442548A0E30071BFC2 /* CharacterTests.swift in Sources */,
				F0F521A4254B16E7002C13A1 /* DetailViewModelTests.swift in Sources */,
				F0EBA687254A3DA500B0194F /* Data+JSONFile.swift in Sources */,
				F0A62A762548B4BE0071BFC2 /* Bundle+LoadJson.swift in Sources */,
				F0F52132254A52E4002C13A1 /* MainViewModelTests.swift in Sources */,
				F0EBA66C2549DDA300B0194F /* NetworkClientTests.swift in Sources */,
				F0F5215F254AE65F002C13A1 /* MockMainViewController.swift in Sources */,
				F0F5219A254B0F38002C13A1 /* MainCellViewModelTests.swift in Sources */,
				F0EBA691254A46C600B0194F /* CharacterExpectedResults.swift in Sources */,
				F0F5214D254ADFEA002C13A1 /* ObjectFactoryTests.swift in Sources */,
			);
			runOnlyForDeploymentPostprocessing = 0;
		};
		F0A62A0F25489BD00071BFC2 /* Sources */ = {
			isa = PBXSourcesBuildPhase;
			buildActionMask = 2147483647;
			files = (
				F0A62A1825489BD00071BFC2 /* BreakingBadCharactersUITests.swift in Sources */,
			);
			runOnlyForDeploymentPostprocessing = 0;
		};
/* End PBXSourcesBuildPhase section */

/* Begin PBXTargetDependency section */
		F0A62A0A25489BD00071BFC2 /* PBXTargetDependency */ = {
			isa = PBXTargetDependency;
			target = F0A629F125489BC30071BFC2 /* BreakingBadCharacters */;
			targetProxy = F0A62A0925489BD00071BFC2 /* PBXContainerItemProxy */;
		};
		F0A62A1525489BD00071BFC2 /* PBXTargetDependency */ = {
			isa = PBXTargetDependency;
			target = F0A629F125489BC30071BFC2 /* BreakingBadCharacters */;
			targetProxy = F0A62A1425489BD00071BFC2 /* PBXContainerItemProxy */;
		};
/* End PBXTargetDependency section */

/* Begin PBXVariantGroup section */
		F0A629FB25489BC30071BFC2 /* Main.storyboard */ = {
			isa = PBXVariantGroup;
			children = (
				F0A629FC25489BC30071BFC2 /* Base */,
			);
			name = Main.storyboard;
			sourceTree = "<group>";
		};
		F0A62A0025489BCD0071BFC2 /* LaunchScreen.storyboard */ = {
			isa = PBXVariantGroup;
			children = (
				F0A62A0125489BCD0071BFC2 /* Base */,
			);
			name = LaunchScreen.storyboard;
			sourceTree = "<group>";
		};
/* End PBXVariantGroup section */

/* Begin XCBuildConfiguration section */
		F0A62A1A25489BD00071BFC2 /* Debug */ = {
			isa = XCBuildConfiguration;
			buildSettings = {
				ALWAYS_SEARCH_USER_PATHS = NO;
				CLANG_ANALYZER_NONNULL = YES;
				CLANG_ANALYZER_NUMBER_OBJECT_CONVERSION = YES_AGGRESSIVE;
				CLANG_CXX_LANGUAGE_STANDARD = "gnu++14";
				CLANG_CXX_LIBRARY = "libc++";
				CLANG_ENABLE_MODULES = YES;
				CLANG_ENABLE_OBJC_ARC = YES;
				CLANG_ENABLE_OBJC_WEAK = YES;
				CLANG_WARN_BLOCK_CAPTURE_AUTORELEASING = YES;
				CLANG_WARN_BOOL_CONVERSION = YES;
				CLANG_WARN_COMMA = YES;
				CLANG_WARN_CONSTANT_CONVERSION = YES;
				CLANG_WARN_DEPRECATED_OBJC_IMPLEMENTATIONS = YES;
				CLANG_WARN_DIRECT_OBJC_ISA_USAGE = YES_ERROR;
				CLANG_WARN_DOCUMENTATION_COMMENTS = YES;
				CLANG_WARN_EMPTY_BODY = YES;
				CLANG_WARN_ENUM_CONVERSION = YES;
				CLANG_WARN_INFINITE_RECURSION = YES;
				CLANG_WARN_INT_CONVERSION = YES;
				CLANG_WARN_NON_LITERAL_NULL_CONVERSION = YES;
				CLANG_WARN_OBJC_IMPLICIT_RETAIN_SELF = YES;
				CLANG_WARN_OBJC_LITERAL_CONVERSION = YES;
				CLANG_WARN_OBJC_ROOT_CLASS = YES_ERROR;
				CLANG_WARN_QUOTED_INCLUDE_IN_FRAMEWORK_HEADER = YES;
				CLANG_WARN_RANGE_LOOP_ANALYSIS = YES;
				CLANG_WARN_STRICT_PROTOTYPES = YES;
				CLANG_WARN_SUSPICIOUS_MOVE = YES;
				CLANG_WARN_UNGUARDED_AVAILABILITY = YES_AGGRESSIVE;
				CLANG_WARN_UNREACHABLE_CODE = YES;
				CLANG_WARN__DUPLICATE_METHOD_MATCH = YES;
				COPY_PHASE_STRIP = NO;
				DEBUG_INFORMATION_FORMAT = dwarf;
				ENABLE_STRICT_OBJC_MSGSEND = YES;
				ENABLE_TESTABILITY = YES;
				GCC_C_LANGUAGE_STANDARD = gnu11;
				GCC_DYNAMIC_NO_PIC = NO;
				GCC_NO_COMMON_BLOCKS = YES;
				GCC_OPTIMIZATION_LEVEL = 0;
				GCC_PREPROCESSOR_DEFINITIONS = (
					"DEBUG=1",
					"$(inherited)",
				);
				GCC_WARN_64_TO_32_BIT_CONVERSION = YES;
				GCC_WARN_ABOUT_RETURN_TYPE = YES_ERROR;
				GCC_WARN_UNDECLARED_SELECTOR = YES;
				GCC_WARN_UNINITIALIZED_AUTOS = YES_AGGRESSIVE;
				GCC_WARN_UNUSED_FUNCTION = YES;
				GCC_WARN_UNUSED_VARIABLE = YES;
				IPHONEOS_DEPLOYMENT_TARGET = 14.1;
				MTL_ENABLE_DEBUG_INFO = INCLUDE_SOURCE;
				MTL_FAST_MATH = YES;
				ONLY_ACTIVE_ARCH = YES;
				SDKROOT = iphoneos;
				SWIFT_ACTIVE_COMPILATION_CONDITIONS = DEBUG;
				SWIFT_OPTIMIZATION_LEVEL = "-Onone";
			};
			name = Debug;
		};
		F0A62A1B25489BD00071BFC2 /* Release */ = {
			isa = XCBuildConfiguration;
			buildSettings = {
				ALWAYS_SEARCH_USER_PATHS = NO;
				CLANG_ANALYZER_NONNULL = YES;
				CLANG_ANALYZER_NUMBER_OBJECT_CONVERSION = YES_AGGRESSIVE;
				CLANG_CXX_LANGUAGE_STANDARD = "gnu++14";
				CLANG_CXX_LIBRARY = "libc++";
				CLANG_ENABLE_MODULES = YES;
				CLANG_ENABLE_OBJC_ARC = YES;
				CLANG_ENABLE_OBJC_WEAK = YES;
				CLANG_WARN_BLOCK_CAPTURE_AUTORELEASING = YES;
				CLANG_WARN_BOOL_CONVERSION = YES;
				CLANG_WARN_COMMA = YES;
				CLANG_WARN_CONSTANT_CONVERSION = YES;
				CLANG_WARN_DEPRECATED_OBJC_IMPLEMENTATIONS = YES;
				CLANG_WARN_DIRECT_OBJC_ISA_USAGE = YES_ERROR;
				CLANG_WARN_DOCUMENTATION_COMMENTS = YES;
				CLANG_WARN_EMPTY_BODY = YES;
				CLANG_WARN_ENUM_CONVERSION = YES;
				CLANG_WARN_INFINITE_RECURSION = YES;
				CLANG_WARN_INT_CONVERSION = YES;
				CLANG_WARN_NON_LITERAL_NULL_CONVERSION = YES;
				CLANG_WARN_OBJC_IMPLICIT_RETAIN_SELF = YES;
				CLANG_WARN_OBJC_LITERAL_CONVERSION = YES;
				CLANG_WARN_OBJC_ROOT_CLASS = YES_ERROR;
				CLANG_WARN_QUOTED_INCLUDE_IN_FRAMEWORK_HEADER = YES;
				CLANG_WARN_RANGE_LOOP_ANALYSIS = YES;
				CLANG_WARN_STRICT_PROTOTYPES = YES;
				CLANG_WARN_SUSPICIOUS_MOVE = YES;
				CLANG_WARN_UNGUARDED_AVAILABILITY = YES_AGGRESSIVE;
				CLANG_WARN_UNREACHABLE_CODE = YES;
				CLANG_WARN__DUPLICATE_METHOD_MATCH = YES;
				COPY_PHASE_STRIP = NO;
				DEBUG_INFORMATION_FORMAT = "dwarf-with-dsym";
				ENABLE_NS_ASSERTIONS = NO;
				ENABLE_STRICT_OBJC_MSGSEND = YES;
				GCC_C_LANGUAGE_STANDARD = gnu11;
				GCC_NO_COMMON_BLOCKS = YES;
				GCC_WARN_64_TO_32_BIT_CONVERSION = YES;
				GCC_WARN_ABOUT_RETURN_TYPE = YES_ERROR;
				GCC_WARN_UNDECLARED_SELECTOR = YES;
				GCC_WARN_UNINITIALIZED_AUTOS = YES_AGGRESSIVE;
				GCC_WARN_UNUSED_FUNCTION = YES;
				GCC_WARN_UNUSED_VARIABLE = YES;
				IPHONEOS_DEPLOYMENT_TARGET = 14.1;
				MTL_ENABLE_DEBUG_INFO = NO;
				MTL_FAST_MATH = YES;
				SDKROOT = iphoneos;
				SWIFT_COMPILATION_MODE = wholemodule;
				SWIFT_OPTIMIZATION_LEVEL = "-O";
				VALIDATE_PRODUCT = YES;
			};
			name = Release;
		};
		F0A62A1D25489BD00071BFC2 /* Debug */ = {
			isa = XCBuildConfiguration;
			baseConfigurationReference = B98ECCE470D36647FF77B223 /* Pods-BreakingBadCharacters.debug.xcconfig */;
			buildSettings = {
				ASSETCATALOG_COMPILER_APPICON_NAME = AppIcon;
				ASSETCATALOG_COMPILER_GLOBAL_ACCENT_COLOR_NAME = AccentColor;
				CODE_SIGN_STYLE = Automatic;
				DEVELOPMENT_TEAM = X7ERH955JW;
				INFOPLIST_FILE = BreakingBadCharacters/Info.plist;
				LD_RUNPATH_SEARCH_PATHS = (
					"$(inherited)",
					"@executable_path/Frameworks",
				);
				PRODUCT_BUNDLE_IDENTIFIER = uk.co.ironworksMediaLimited.BreakingBadCharacters;
				PRODUCT_NAME = "$(TARGET_NAME)";
				SWIFT_VERSION = 5.0;
				TARGETED_DEVICE_FAMILY = 1;
			};
			name = Debug;
		};
		F0A62A1E25489BD00071BFC2 /* Release */ = {
			isa = XCBuildConfiguration;
			baseConfigurationReference = CEBC4952B181EBAD8ACED5FC /* Pods-BreakingBadCharacters.release.xcconfig */;
			buildSettings = {
				ASSETCATALOG_COMPILER_APPICON_NAME = AppIcon;
				ASSETCATALOG_COMPILER_GLOBAL_ACCENT_COLOR_NAME = AccentColor;
				CODE_SIGN_STYLE = Automatic;
				DEVELOPMENT_TEAM = X7ERH955JW;
				INFOPLIST_FILE = BreakingBadCharacters/Info.plist;
				LD_RUNPATH_SEARCH_PATHS = (
					"$(inherited)",
					"@executable_path/Frameworks",
				);
				PRODUCT_BUNDLE_IDENTIFIER = uk.co.ironworksMediaLimited.BreakingBadCharacters;
				PRODUCT_NAME = "$(TARGET_NAME)";
				SWIFT_VERSION = 5.0;
				TARGETED_DEVICE_FAMILY = 1;
			};
			name = Release;
		};
		F0A62A2025489BD00071BFC2 /* Debug */ = {
			isa = XCBuildConfiguration;
			baseConfigurationReference = 998DD1CB285017393E8A0175 /* Pods-BreakingBadCharactersTests.debug.xcconfig */;
			buildSettings = {
				ALWAYS_EMBED_SWIFT_STANDARD_LIBRARIES = YES;
				BUNDLE_LOADER = "$(TEST_HOST)";
				CLANG_ENABLE_MODULES = YES;
				CODE_SIGN_STYLE = Automatic;
				DEVELOPMENT_TEAM = X7ERH955JW;
				INFOPLIST_FILE = BreakingBadCharactersTests/Info.plist;
				IPHONEOS_DEPLOYMENT_TARGET = 14.1;
				LD_RUNPATH_SEARCH_PATHS = (
					"$(inherited)",
					"@executable_path/Frameworks",
					"@loader_path/Frameworks",
				);
				PRODUCT_BUNDLE_IDENTIFIER = uk.co.ironworksMediaLimited.BreakingBadCharactersTests;
				PRODUCT_NAME = "$(TARGET_NAME)";
				SWIFT_OPTIMIZATION_LEVEL = "-Onone";
				SWIFT_VERSION = 5.0;
				TARGETED_DEVICE_FAMILY = "1,2";
				TEST_HOST = "$(BUILT_PRODUCTS_DIR)/BreakingBadCharacters.app/BreakingBadCharacters";
			};
			name = Debug;
		};
		F0A62A2125489BD00071BFC2 /* Release */ = {
			isa = XCBuildConfiguration;
			baseConfigurationReference = A9D481EFD90D13BC2D185676 /* Pods-BreakingBadCharactersTests.release.xcconfig */;
			buildSettings = {
				ALWAYS_EMBED_SWIFT_STANDARD_LIBRARIES = YES;
				BUNDLE_LOADER = "$(TEST_HOST)";
				CLANG_ENABLE_MODULES = YES;
				CODE_SIGN_STYLE = Automatic;
				DEVELOPMENT_TEAM = X7ERH955JW;
				INFOPLIST_FILE = BreakingBadCharactersTests/Info.plist;
				IPHONEOS_DEPLOYMENT_TARGET = 14.1;
				LD_RUNPATH_SEARCH_PATHS = (
					"$(inherited)",
					"@executable_path/Frameworks",
					"@loader_path/Frameworks",
				);
				PRODUCT_BUNDLE_IDENTIFIER = uk.co.ironworksMediaLimited.BreakingBadCharactersTests;
				PRODUCT_NAME = "$(TARGET_NAME)";
				SWIFT_VERSION = 5.0;
				TARGETED_DEVICE_FAMILY = "1,2";
				TEST_HOST = "$(BUILT_PRODUCTS_DIR)/BreakingBadCharacters.app/BreakingBadCharacters";
			};
			name = Release;
		};
		F0A62A2325489BD00071BFC2 /* Debug */ = {
			isa = XCBuildConfiguration;
			baseConfigurationReference = A8B3564664EC044F74B5C03C /* Pods-BreakingBadCharacters-BreakingBadCharactersUITests.debug.xcconfig */;
			buildSettings = {
				ALWAYS_EMBED_SWIFT_STANDARD_LIBRARIES = YES;
				CODE_SIGN_STYLE = Automatic;
				DEVELOPMENT_TEAM = X7ERH955JW;
				INFOPLIST_FILE = BreakingBadCharactersUITests/Info.plist;
				LD_RUNPATH_SEARCH_PATHS = (
					"$(inherited)",
					"@executable_path/Frameworks",
					"@loader_path/Frameworks",
				);
				PRODUCT_BUNDLE_IDENTIFIER = uk.co.ironworksMediaLimited.BreakingBadCharactersUITests;
				PRODUCT_NAME = "$(TARGET_NAME)";
				SWIFT_VERSION = 5.0;
				TARGETED_DEVICE_FAMILY = "1,2";
				TEST_TARGET_NAME = BreakingBadCharacters;
			};
			name = Debug;
		};
		F0A62A2425489BD00071BFC2 /* Release */ = {
			isa = XCBuildConfiguration;
			baseConfigurationReference = BEE83A5CE27A6787F92A732E /* Pods-BreakingBadCharacters-BreakingBadCharactersUITests.release.xcconfig */;
			buildSettings = {
				ALWAYS_EMBED_SWIFT_STANDARD_LIBRARIES = YES;
				CODE_SIGN_STYLE = Automatic;
				DEVELOPMENT_TEAM = X7ERH955JW;
				INFOPLIST_FILE = BreakingBadCharactersUITests/Info.plist;
				LD_RUNPATH_SEARCH_PATHS = (
					"$(inherited)",
					"@executable_path/Frameworks",
					"@loader_path/Frameworks",
				);
				PRODUCT_BUNDLE_IDENTIFIER = uk.co.ironworksMediaLimited.BreakingBadCharactersUITests;
				PRODUCT_NAME = "$(TARGET_NAME)";
				SWIFT_VERSION = 5.0;
				TARGETED_DEVICE_FAMILY = "1,2";
				TEST_TARGET_NAME = BreakingBadCharacters;
			};
			name = Release;
		};
/* End XCBuildConfiguration section */

/* Begin XCConfigurationList section */
		F0A629ED25489BC30071BFC2 /* Build configuration list for PBXProject "BreakingBadCharacters" */ = {
			isa = XCConfigurationList;
			buildConfigurations = (
				F0A62A1A25489BD00071BFC2 /* Debug */,
				F0A62A1B25489BD00071BFC2 /* Release */,
			);
			defaultConfigurationIsVisible = 0;
			defaultConfigurationName = Release;
		};
		F0A62A1C25489BD00071BFC2 /* Build configuration list for PBXNativeTarget "BreakingBadCharacters" */ = {
			isa = XCConfigurationList;
			buildConfigurations = (
				F0A62A1D25489BD00071BFC2 /* Debug */,
				F0A62A1E25489BD00071BFC2 /* Release */,
			);
			defaultConfigurationIsVisible = 0;
			defaultConfigurationName = Release;
		};
		F0A62A1F25489BD00071BFC2 /* Build configuration list for PBXNativeTarget "BreakingBadCharactersTests" */ = {
			isa = XCConfigurationList;
			buildConfigurations = (
				F0A62A2025489BD00071BFC2 /* Debug */,
				F0A62A2125489BD00071BFC2 /* Release */,
			);
			defaultConfigurationIsVisible = 0;
			defaultConfigurationName = Release;
		};
		F0A62A2225489BD00071BFC2 /* Build configuration list for PBXNativeTarget "BreakingBadCharactersUITests" */ = {
			isa = XCConfigurationList;
			buildConfigurations = (
				F0A62A2325489BD00071BFC2 /* Debug */,
				F0A62A2425489BD00071BFC2 /* Release */,
			);
			defaultConfigurationIsVisible = 0;
			defaultConfigurationName = Release;
		};
/* End XCConfigurationList section */
	};
	rootObject = F0A629EA25489BC30071BFC2 /* Project object */;
}
